
Microsoft Visual Studio Solution File, Format Version 12.00
# Visual Studio Version 16
VisualStudioVersion = 16.0.34031.81
MinimumVisualStudioVersion = 10.0.40219.1
Project("{8BC9CEB8-8B4A-11D0-8D11-00A0C91BC942}") = "Labs1", "Labs1.vcxproj", "{322B2EA1-C23A-4DC0-9D2C-37F69511DBD7}"
EndProject
Global
	GlobalSection(SolutionConfigurationPlatforms) = preSolution
		Debug|x64 = Debug|x64
		Debug|x86 = Debug|x86
		Release|x64 = Release|x64
		Release|x86 = Release|x86
	EndGlobalSection
	GlobalSection(ProjectConfigurationPlatforms) = postSolution
		{322B2EA1-C23A-4DC0-9D2C-37F69511DBD7}.Debug|x64.ActiveCfg = Debug|x64
		{322B2EA1-C23A-4DC0-9D2C-37F69511DBD7}.Debug|x64.Build.0 = Debug|x64
		{322B2EA1-C23A-4DC0-9D2C-37F69511DBD7}.Debug|x86.ActiveCfg = Debug|Win32
		{322B2EA1-C23A-4DC0-9D2C-37F69511DBD7}.Debug|x86.Build.0 = Debug|Win32
		{322B2EA1-C23A-4DC0-9D2C-37F69511DBD7}.Release|x64.ActiveCfg = Release|x64
		{322B2EA1-C23A-4DC0-9D2C-37F69511DBD7}.Release|x64.Build.0 = Release|x64
		{322B2EA1-C23A-4DC0-9D2C-37F69511DBD7}.Release|x86.ActiveCfg = Release|Win32
		{322B2EA1-C23A-4DC0-9D2C-37F69511DBD7}.Release|x86.Build.0 = Release|Win32
	EndGlobalSection
	GlobalSection(SolutionProperties) = preSolution
		HideSolutionNode = FALSE
	EndGlobalSection
	GlobalSection(ExtensibilityGlobals) = postSolution
		SolutionGuid = {19191BDC-A94B-485A-8EA4-CC1629BD0B3F}
	EndGlobalSection
EndGlobal
